
Microsoft Visual Studio Solution File, Format Version 12.00
# Visual Studio Version 17
VisualStudioVersion = 17.14.36623.8 d17.14
MinimumVisualStudioVersion = 10.0.40219.1
Project("{FAE04EC0-301F-11D3-BF4B-00C04F79EFBC}") = "Kowin_Login_AlvaroLaguna", "Kowin_Login_AlvaroLaguna\Kowin_Login_AlvaroLaguna.csproj", "{00BB8954-4B90-48B9-9581-EB7B733EA660}"
EndProject
Global
	GlobalSection(SolutionConfigurationPlatforms) = preSolution
		Debug|Any CPU = Debug|Any CPU
		Release|Any CPU = Release|Any CPU
	EndGlobalSection
	GlobalSection(ProjectConfigurationPlatforms) = postSolution
		{00BB8954-4B90-48B9-9581-EB7B733EA660}.Debug|Any CPU.ActiveCfg = Debug|Any CPU
		{00BB8954-4B90-48B9-9581-EB7B733EA660}.Debug|Any CPU.Build.0 = Debug|Any CPU
		{00BB8954-4B90-48B9-9581-EB7B733EA660}.Release|Any CPU.ActiveCfg = Release|Any CPU
		{00BB8954-4B90-48B9-9581-EB7B733EA660}.Release|Any CPU.Build.0 = Release|Any CPU
	EndGlobalSection
	GlobalSection(SolutionProperties) = preSolution
		HideSolutionNode = FALSE
	EndGlobalSection
	GlobalSection(ExtensibilityGlobals) = postSolution
		SolutionGuid = {805F501D-6023-4A2E-94C2-03CEEDFD250B}
	EndGlobalSection
EndGlobal
